# Generated by buf. DO NOT EDIT.
version: v2
deps:
  - name: buf.build/bufbuild/protovalidate
    commit: 2a1774d888024a9b93ce7eb4b59f6a83
    digest: b5:6b7f9bc919b65e5b79d7b726ffc03d6f815a412d6b792970fa6f065cae162107bd0a9d47272c8ab1a2c9514e87b13d3fbf71df614374d62d2183afb64be2d30a
  - name: buf.build/sebmelki/sebuf
    commit: 8af7d745b4554521bb89cde70a20ce0b
    digest: b5:e676b75b804ae2b798c260e94309f3aa1e44d4b867dd7c8f5d8d634399765c44b6fda92de0574861d8d4bacc90a01c47fd04985a345b94441eedc87b500fbaf8
